// !$*UTF8*$!
{
	archiveVersion = 1;
	classes = {
	};
	objectVersion = 56;
	objects = {

/* Begin PBXBuildFile section */
		5A0883E42B1BF4A900758163 /* IKnowYouApp.swift in Sources */ = {isa = PBXBuildFile; fileRef = 5A0883E32B1BF4A900758163 /* IKnowYouApp.swift */; };
		5A0883E62B1BF4A900758163 /* PersonListView.swift in Sources */ = {isa = PBXBuildFile; fileRef = 5A0883E52B1BF4A900758163 /* PersonListView.swift */; };
		5A0883E82B1BF4AB00758163 /* Assets.xcassets in Resources */ = {isa = PBXBuildFile; fileRef = 5A0883E72B1BF4AB00758163 /* Assets.xcassets */; };
		5A0883EB2B1BF4AB00758163 /* Preview Assets.xcassets in Resources */ = {isa = PBXBuildFile; fileRef = 5A0883EA2B1BF4AB00758163 /* Preview Assets.xcassets */; };
		5A0883F32B1BF52F00758163 /* ImagePicker.swift in Sources */ = {isa = PBXBuildFile; fileRef = 5A0883F22B1BF52F00758163 /* ImagePicker.swift */; };
		5A0883F52B1C012800758163 /* AddNewPersonView.swift in Sources */ = {isa = PBXBuildFile; fileRef = 5A0883F42B1C012800758163 /* AddNewPersonView.swift */; };
		5A0883F82B1C096800758163 /* Person.swift in Sources */ = {isa = PBXBuildFile; fileRef = 5A0883F72B1C096800758163 /* Person.swift */; };
		5A0883FB2B1C0A3100758163 /* PersonListViewModel.swift in Sources */ = {isa = PBXBuildFile; fileRef = 5A0883FA2B1C0A3000758163 /* PersonListViewModel.swift */; };
		5A08841C2B1D2A8A00758163 /* FileManager+DocumentsDirectory.swift in Sources */ = {isa = PBXBuildFile; fileRef = 5A08841B2B1D2A8A00758163 /* FileManager+DocumentsDirectory.swift */; };
		5A08841E2B1D301000758163 /* AddNewPersonViewModel.swift in Sources */ = {isa = PBXBuildFile; fileRef = 5A08841D2B1D301000758163 /* AddNewPersonViewModel.swift */; };
/* End PBXBuildFile section */

/* Begin PBXFileReference section */
		5A0883E02B1BF4A900758163 /* IKnowYou.app */ = {isa = PBXFileReference; explicitFileType = wrapper.application; includeInIndex = 0; path = IKnowYou.app; sourceTree = BUILT_PRODUCTS_DIR; };
		5A0883E32B1BF4A900758163 /* IKnowYouApp.swift */ = {isa = PBXFileReference; lastKnownFileType = sourcecode.swift; path = IKnowYouApp.swift; sourceTree = "<group>"; };
		5A0883E52B1BF4A900758163 /* PersonListView.swift */ = {isa = PBXFileReference; lastKnownFileType = sourcecode.swift; path = PersonListView.swift; sourceTree = "<group>"; };
		5A0883E72B1BF4AB00758163 /* Assets.xcassets */ = {isa = PBXFileReference; lastKnownFileType = folder.assetcatalog; path = Assets.xcassets; sourceTree = "<group>"; };
		5A0883EA2B1BF4AB00758163 /* Preview Assets.xcassets */ = {isa = PBXFileReference; lastKnownFileType = folder.assetcatalog; path = "Preview Assets.xcassets"; sourceTree = "<group>"; };
		5A0883F22B1BF52F00758163 /* ImagePicker.swift */ = {isa = PBXFileReference; lastKnownFileType = sourcecode.swift; path = ImagePicker.swift; sourceTree = "<group>"; };
		5A0883F42B1C012800758163 /* AddNewPersonView.swift */ = {isa = PBXFileReference; lastKnownFileType = sourcecode.swift; path = AddNewPersonView.swift; sourceTree = "<group>"; };
		5A0883F72B1C096800758163 /* Person.swift */ = {isa = PBXFileReference; lastKnownFileType = sourcecode.swift; path = Person.swift; sourceTree = "<group>"; };
		5A0883FA2B1C0A3000758163 /* PersonListViewModel.swift */ = {isa = PBXFileReference; lastKnownFileType = sourcecode.swift; path = PersonListViewModel.swift; sourceTree = "<group>"; };
		5A08841B2B1D2A8A00758163 /* FileManager+DocumentsDirectory.swift */ = {isa = PBXFileReference; lastKnownFileType = sourcecode.swift; path = "FileManager+DocumentsDirectory.swift"; sourceTree = "<group>"; };
		5A08841D2B1D301000758163 /* AddNewPersonViewModel.swift */ = {isa = PBXFileReference; lastKnownFileType = sourcecode.swift; path = AddNewPersonViewModel.swift; sourceTree = "<group>"; };
/* End PBXFileReference section */

/* Begin PBXFrameworksBuildPhase section */
		5A0883DD2B1BF4A900758163 /* Frameworks */ = {
			isa = PBXFrameworksBuildPhase;
			buildActionMask = 2147483647;
			files = (
			);
			runOnlyForDeploymentPostprocessing = 0;
		};
/* End PBXFrameworksBuildPhase section */

/* Begin PBXGroup section */
		5A0883D72B1BF4A900758163 = {
			isa = PBXGroup;
			children = (
				5A0883E22B1BF4A900758163 /* IKnowYou */,
				5A0883E12B1BF4A900758163 /* Products */,
			);
			sourceTree = "<group>";
		};
		5A0883E12B1BF4A900758163 /* Products */ = {
			isa = PBXGroup;
			children = (
				5A0883E02B1BF4A900758163 /* IKnowYou.app */,
			);
			name = Products;
			sourceTree = "<group>";
		};
		5A0883E22B1BF4A900758163 /* IKnowYou */ = {
			isa = PBXGroup;
			children = (
				5A0883E32B1BF4A900758163 /* IKnowYouApp.swift */,
				5A0883F62B1C095400758163 /* Model */,
				5A0883F12B1BF51100758163 /* View */,
				5A0883F92B1C0A0100758163 /* ViewModel */,
				5A0883E72B1BF4AB00758163 /* Assets.xcassets */,
				5A08841A2B1D2A6300758163 /* Extension */,
				5A0883E92B1BF4AB00758163 /* Preview Content */,
			);
			path = IKnowYou;
			sourceTree = "<group>";
		};
		5A0883E92B1BF4AB00758163 /* Preview Content */ = {
			isa = PBXGroup;
			children = (
				5A0883EA2B1BF4AB00758163 /* Preview Assets.xcassets */,
			);
			path = "Preview Content";
			sourceTree = "<group>";
		};
		5A0883F12B1BF51100758163 /* View */ = {
			isa = PBXGroup;
			children = (
				5A0883E52B1BF4A900758163 /* PersonListView.swift */,
				5A0883F22B1BF52F00758163 /* ImagePicker.swift */,
				5A0883F42B1C012800758163 /* AddNewPersonView.swift */,
			);
			path = View;
			sourceTree = "<group>";
		};
		5A0883F62B1C095400758163 /* Model */ = {
			isa = PBXGroup;
			children = (
				5A0883F72B1C096800758163 /* Person.swift */,
			);
			path = Model;
			sourceTree = "<group>";
		};
		5A0883F92B1C0A0100758163 /* ViewModel */ = {
			isa = PBXGroup;
			children = (
				5A0883FA2B1C0A3000758163 /* PersonListViewModel.swift */,
				5A08841D2B1D301000758163 /* AddNewPersonViewModel.swift */,
			);
			path = ViewModel;
			sourceTree = "<group>";
		};
		5A08841A2B1D2A6300758163 /* Extension */ = {
			isa = PBXGroup;
			children = (
				5A08841B2B1D2A8A00758163 /* FileManager+DocumentsDirectory.swift */,
			);
			path = Extension;
			sourceTree = "<group>";
		};
/* End PBXGroup section */

/* Begin PBXNativeTarget section */
		5A0883DF2B1BF4A900758163 /* IKnowYou */ = {
			isa = PBXNativeTarget;
			buildConfigurationList = 5A0883EE2B1BF4AB00758163 /* Build configuration list for PBXNativeTarget "IKnowYou" */;
			buildPhases = (
				5A0883DC2B1BF4A900758163 /* Sources */,
				5A0883DD2B1BF4A900758163 /* Frameworks */,
				5A0883DE2B1BF4A900758163 /* Resources */,
			);
			buildRules = (
			);
			dependencies = (
			);
			name = IKnowYou;
			productName = IKnowYou;
			productReference = 5A0883E02B1BF4A900758163 /* IKnowYou.app */;
			productType = "com.apple.product-type.application";
		};
/* End PBXNativeTarget section */

/* Begin PBXProject section */
		5A0883D82B1BF4A900758163 /* Project object */ = {
			isa = PBXProject;
			attributes = {
				BuildIndependentTargetsInParallel = 1;
				LastSwiftUpdateCheck = 1500;
				LastUpgradeCheck = 1500;
				TargetAttributes = {
					5A0883DF2B1BF4A900758163 = {
						CreatedOnToolsVersion = 15.0.1;
					};
				};
			};
			buildConfigurationList = 5A0883DB2B1BF4A900758163 /* Build configuration list for PBXProject "IKnowYou" */;
			compatibilityVersion = "Xcode 14.0";
			developmentRegion = en;
			hasScannedForEncodings = 0;
			knownRegions = (
				en,
				Base,
			);
			mainGroup = 5A0883D72B1BF4A900758163;
			productRefGroup = 5A0883E12B1BF4A900758163 /* Products */;
			projectDirPath = "";
			projectRoot = "";
			targets = (
				5A0883DF2B1BF4A900758163 /* IKnowYou */,
			);
		};
/* End PBXProject section */

/* Begin PBXResourcesBuildPhase section */
		5A0883DE2B1BF4A900758163 /* Resources */ = {
			isa = PBXResourcesBuildPhase;
			buildActionMask = 2147483647;
			files = (
				5A0883EB2B1BF4AB00758163 /* Preview Assets.xcassets in Resources */,
				5A0883E82B1BF4AB00758163 /* Assets.xcassets in Resources */,
			);
			runOnlyForDeploymentPostprocessing = 0;
		};
/* End PBXResourcesBuildPhase section */

/* Begin PBXSourcesBuildPhase section */
		5A0883DC2B1BF4A900758163 /* Sources */ = {
			isa = PBXSourcesBuildPhase;
			buildActionMask = 2147483647;
			files = (
				5A0883F82B1C096800758163 /* Person.swift in Sources */,
				5A0883F32B1BF52F00758163 /* ImagePicker.swift in Sources */,
				5A08841C2B1D2A8A00758163 /* FileManager+DocumentsDirectory.swift in Sources */,
				5A0883E62B1BF4A900758163 /* PersonListView.swift in Sources */,
				5A08841E2B1D301000758163 /* AddNewPersonViewModel.swift in Sources */,
				5A0883F52B1C012800758163 /* AddNewPersonView.swift in Sources */,
				5A0883E42B1BF4A900758163 /* IKnowYouApp.swift in Sources */,
				5A0883FB2B1C0A3100758163 /* PersonListViewModel.swift in Sources */,
			);
			runOnlyForDeploymentPostprocessing = 0;
		};
/* End PBXSourcesBuildPhase section */

/* Begin XCBuildConfiguration section */
		5A0883EC2B1BF4AB00758163 /* Debug */ = {
			isa = XCBuildConfiguration;
			buildSettings = {
				ALWAYS_SEARCH_USER_PATHS = NO;
				ASSETCATALOG_COMPILER_GENERATE_SWIFT_ASSET_SYMBOL_EXTENSIONS = YES;
				CLANG_ANALYZER_NONNULL = YES;
				CLANG_ANALYZER_NUMBER_OBJECT_CONVERSION = YES_AGGRESSIVE;
				CLANG_CXX_LANGUAGE_STANDARD = "gnu++20";
				CLANG_ENABLE_MODULES = YES;
				CLANG_ENABLE_OBJC_ARC = YES;
				CLANG_ENABLE_OBJC_WEAK = YES;
				CLANG_WARN_BLOCK_CAPTURE_AUTORELEASING = YES;
				CLANG_WARN_BOOL_CONVERSION = YES;
				CLANG_WARN_COMMA = YES;
				CLANG_WARN_CONSTANT_CONVERSION = YES;
				CLANG_WARN_DEPRECATED_OBJC_IMPLEMENTATIONS = YES;
				CLANG_WARN_DIRECT_OBJC_ISA_USAGE = YES_ERROR;
				CLANG_WARN_DOCUMENTATION_COMMENTS = YES;
				CLANG_WARN_EMPTY_BODY = YES;
				CLANG_WARN_ENUM_CONVERSION = YES;
				CLANG_WARN_INFINITE_RECURSION = YES;
				CLANG_WARN_INT_CONVERSION = YES;
				CLANG_WARN_NON_LITERAL_NULL_CONVERSION = YES;
				CLANG_WARN_OBJC_IMPLICIT_RETAIN_SELF = YES;
				CLANG_WARN_OBJC_LITERAL_CONVERSION = YES;
				CLANG_WARN_OBJC_ROOT_CLASS = YES_ERROR;
				CLANG_WARN_QUOTED_INCLUDE_IN_FRAMEWORK_HEADER = YES;
				CLANG_WARN_RANGE_LOOP_ANALYSIS = YES;
				CLANG_WARN_STRICT_PROTOTYPES = YES;
				CLANG_WARN_SUSPICIOUS_MOVE = YES;
				CLANG_WARN_UNGUARDED_AVAILABILITY = YES_AGGRESSIVE;
				CLANG_WARN_UNREACHABLE_CODE = YES;
				CLANG_WARN__DUPLICATE_METHOD_MATCH = YES;
				COPY_PHASE_STRIP = NO;
				DEBUG_INFORMATION_FORMAT = dwarf;
				ENABLE_STRICT_OBJC_MSGSEND = YES;
				ENABLE_TESTABILITY = YES;
				ENABLE_USER_SCRIPT_SANDBOXING = YES;
				GCC_C_LANGUAGE_STANDARD = gnu17;
				GCC_DYNAMIC_NO_PIC = NO;
				GCC_NO_COMMON_BLOCKS = YES;
				GCC_OPTIMIZATION_LEVEL = 0;
				GCC_PREPROCESSOR_DEFINITIONS = (
					"DEBUG=1",
					"$(inherited)",
				);
				GCC_WARN_64_TO_32_BIT_CONVERSION = YES;
				GCC_WARN_ABOUT_RETURN_TYPE = YES_ERROR;
				GCC_WARN_UNDECLARED_SELECTOR = YES;
				GCC_WARN_UNINITIALIZED_AUTOS = YES_AGGRESSIVE;
				GCC_WARN_UNUSED_FUNCTION = YES;
				GCC_WARN_UNUSED_VARIABLE = YES;
				IPHONEOS_DEPLOYMENT_TARGET = 17.0;
				LOCALIZATION_PREFERS_STRING_CATALOGS = YES;
				MTL_ENABLE_DEBUG_INFO = INCLUDE_SOURCE;
				MTL_FAST_MATH = YES;
				ONLY_ACTIVE_ARCH = YES;
				SDKROOT = iphoneos;
				SWIFT_ACTIVE_COMPILATION_CONDITIONS = "DEBUG $(inherited)";
				SWIFT_OPTIMIZATION_LEVEL = "-Onone";
			};
			name = Debug;
		};
		5A0883ED2B1BF4AB00758163 /* Release */ = {
			isa = XCBuildConfiguration;
			buildSettings = {
				ALWAYS_SEARCH_USER_PATHS = NO;
				ASSETCATALOG_COMPILER_GENERATE_SWIFT_ASSET_SYMBOL_EXTENSIONS = YES;
				CLANG_ANALYZER_NONNULL = YES;
				CLANG_ANALYZER_NUMBER_OBJECT_CONVERSION = YES_AGGRESSIVE;
				CLANG_CXX_LANGUAGE_STANDARD = "gnu++20";
				CLANG_ENABLE_MODULES = YES;
				CLANG_ENABLE_OBJC_ARC = YES;
				CLANG_ENABLE_OBJC_WEAK = YES;
				CLANG_WARN_BLOCK_CAPTURE_AUTORELEASING = YES;
				CLANG_WARN_BOOL_CONVERSION = YES;
				CLANG_WARN_COMMA = YES;
				CLANG_WARN_CONSTANT_CONVERSION = YES;
				CLANG_WARN_DEPRECATED_OBJC_IMPLEMENTATIONS = YES;
				CLANG_WARN_DIRECT_OBJC_ISA_USAGE = YES_ERROR;
				CLANG_WARN_DOCUMENTATION_COMMENTS = YES;
				CLANG_WARN_EMPTY_BODY = YES;
				CLANG_WARN_ENUM_CONVERSION = YES;
				CLANG_WARN_INFINITE_RECURSION = YES;
				CLANG_WARN_INT_CONVERSION = YES;
				CLANG_WARN_NON_LITERAL_NULL_CONVERSION = YES;
				CLANG_WARN_OBJC_IMPLICIT_RETAIN_SELF = YES;
				CLANG_WARN_OBJC_LITERAL_CONVERSION = YES;
				CLANG_WARN_OBJC_ROOT_CLASS = YES_ERROR;
				CLANG_WARN_QUOTED_INCLUDE_IN_FRAMEWORK_HEADER = YES;
				CLANG_WARN_RANGE_LOOP_ANALYSIS = YES;
				CLANG_WARN_STRICT_PROTOTYPES = YES;
				CLANG_WARN_SUSPICIOUS_MOVE = YES;
				CLANG_WARN_UNGUARDED_AVAILABILITY = YES_AGGRESSIVE;
				CLANG_WARN_UNREACHABLE_CODE = YES;
				CLANG_WARN__DUPLICATE_METHOD_MATCH = YES;
				COPY_PHASE_STRIP = NO;
				DEBUG_INFORMATION_FORMAT = "dwarf-with-dsym";
				ENABLE_NS_ASSERTIONS = NO;
				ENABLE_STRICT_OBJC_MSGSEND = YES;
				ENABLE_USER_SCRIPT_SANDBOXING = YES;
				GCC_C_LANGUAGE_STANDARD = gnu17;
				GCC_NO_COMMON_BLOCKS = YES;
				GCC_WARN_64_TO_32_BIT_CONVERSION = YES;
				GCC_WARN_ABOUT_RETURN_TYPE = YES_ERROR;
				GCC_WARN_UNDECLARED_SELECTOR = YES;
				GCC_WARN_UNINITIALIZED_AUTOS = YES_AGGRESSIVE;
				GCC_WARN_UNUSED_FUNCTION = YES;
				GCC_WARN_UNUSED_VARIABLE = YES;
				IPHONEOS_DEPLOYMENT_TARGET = 17.0;
				LOCALIZATION_PREFERS_STRING_CATALOGS = YES;
				MTL_ENABLE_DEBUG_INFO = NO;
				MTL_FAST_MATH = YES;
				SDKROOT = iphoneos;
				SWIFT_COMPILATION_MODE = wholemodule;
				VALIDATE_PRODUCT = YES;
			};
			name = Release;
		};
		5A0883EF2B1BF4AB00758163 /* Debug */ = {
			isa = XCBuildConfiguration;
			buildSettings = {
				ASSETCATALOG_COMPILER_APPICON_NAME = AppIcon;
				ASSETCATALOG_COMPILER_GLOBAL_ACCENT_COLOR_NAME = AccentColor;
				CODE_SIGN_STYLE = Automatic;
				CURRENT_PROJECT_VERSION = 1;
				DEVELOPMENT_ASSET_PATHS = "\"IKnowYou/Preview Content\"";
				ENABLE_PREVIEWS = YES;
				GENERATE_INFOPLIST_FILE = YES;
				INFOPLIST_KEY_UIApplicationSceneManifest_Generation = YES;
				INFOPLIST_KEY_UIApplicationSupportsIndirectInputEvents = YES;
				INFOPLIST_KEY_UILaunchScreen_Generation = YES;
				INFOPLIST_KEY_UISupportedInterfaceOrientations_iPad = "UIInterfaceOrientationPortrait UIInterfaceOrientationPortraitUpsideDown UIInterfaceOrientationLandscapeLeft UIInterfaceOrientationLandscapeRight";
				INFOPLIST_KEY_UISupportedInterfaceOrientations_iPhone = "UIInterfaceOrientationPortrait UIInterfaceOrientationLandscapeLeft UIInterfaceOrientationLandscapeRight";
				LD_RUNPATH_SEARCH_PATHS = (
					"$(inherited)",
					"@executable_path/Frameworks",
				);
				MARKETING_VERSION = 1.0;
				PRODUCT_BUNDLE_IDENTIFIER = com.netoloboapps.IKnowYou;
				PRODUCT_NAME = "$(TARGET_NAME)";
				SWIFT_EMIT_LOC_STRINGS = YES;
				SWIFT_VERSION = 5.0;
				TARGETED_DEVICE_FAMILY = "1,2";
			};
			name = Debug;
		};
		5A0883F02B1BF4AB00758163 /* Release */ = {
			isa = XCBuildConfiguration;
			buildSettings = {
				ASSETCATALOG_COMPILER_APPICON_NAME = AppIcon;
				ASSETCATALOG_COMPILER_GLOBAL_ACCENT_COLOR_NAME = AccentColor;
				CODE_SIGN_STYLE = Automatic;
				CURRENT_PROJECT_VERSION = 1;
				DEVELOPMENT_ASSET_PATHS = "\"IKnowYou/Preview Content\"";
				ENABLE_PREVIEWS = YES;
				GENERATE_INFOPLIST_FILE = YES;
				INFOPLIST_KEY_UIApplicationSceneManifest_Generation = YES;
				INFOPLIST_KEY_UIApplicationSupportsIndirectInputEvents = YES;
				INFOPLIST_KEY_UILaunchScreen_Generation = YES;
				INFOPLIST_KEY_UISupportedInterfaceOrientations_iPad = "UIInterfaceOrientationPortrait UIInterfaceOrientationPortraitUpsideDown UIInterfaceOrientationLandscapeLeft UIInterfaceOrientationLandscapeRight";
				INFOPLIST_KEY_UISupportedInterfaceOrientations_iPhone = "UIInterfaceOrientationPortrait UIInterfaceOrientationLandscapeLeft UIInterfaceOrientationLandscapeRight";
				LD_RUNPATH_SEARCH_PATHS = (
					"$(inherited)",
					"@executable_path/Frameworks",
				);
				MARKETING_VERSION = 1.0;
				PRODUCT_BUNDLE_IDENTIFIER = com.netoloboapps.IKnowYou;
				PRODUCT_NAME = "$(TARGET_NAME)";
				SWIFT_EMIT_LOC_STRINGS = YES;
				SWIFT_VERSION = 5.0;
				TARGETED_DEVICE_FAMILY = "1,2";
			};
			name = Release;
		};
/* End XCBuildConfiguration section */

/* Begin XCConfigurationList section */
		5A0883DB2B1BF4A900758163 /* Build configuration list for PBXProject "IKnowYou" */ = {
			isa = XCConfigurationList;
			buildConfigurations = (
				5A0883EC2B1BF4AB00758163 /* Debug */,
				5A0883ED2B1BF4AB00758163 /* Release */,
			);
			defaultConfigurationIsVisible = 0;
			defaultConfigurationName = Release;
		};
		5A0883EE2B1BF4AB00758163 /* Build configuration list for PBXNativeTarget "IKnowYou" */ = {
			isa = XCConfigurationList;
			buildConfigurations = (
				5A0883EF2B1BF4AB00758163 /* Debug */,
				5A0883F02B1BF4AB00758163 /* Release */,
			);
			defaultConfigurationIsVisible = 0;
			defaultConfigurationName = Release;
		};
/* End XCConfigurationList section */
	};
	rootObject = 5A0883D82B1BF4A900758163 /* Project object */;
}
